
Microsoft Visual Studio Solution File, Format Version 12.00
# Visual Studio Version 17
VisualStudioVersion = 17.13.35828.75 d17.13
MinimumVisualStudioVersion = 10.0.40219.1
Project("{FAE04EC0-301F-11D3-BF4B-00C04F79EFBC}") = "Products_API", "Products_API\Products_API.csproj", "{6E2D273D-6A2A-4F1F-9163-D08E64B506C6}"
EndProject
Project("{FAE04EC0-301F-11D3-BF4B-00C04F79EFBC}") = "Product_Entities", "Product_Entities\Product_Entities.csproj", "{4317D018-F3E6-4576-BD6C-EA2AE2080246}"
EndProject
Global
	GlobalSection(SolutionConfigurationPlatforms) = preSolution
		Debug|Any CPU = Debug|Any CPU
		Release|Any CPU = Release|Any CPU
	EndGlobalSection
	GlobalSection(ProjectConfigurationPlatforms) = postSolution
		{6E2D273D-6A2A-4F1F-9163-D08E64B506C6}.Debug|Any CPU.ActiveCfg = Debug|Any CPU
		{6E2D273D-6A2A-4F1F-9163-D08E64B506C6}.Debug|Any CPU.Build.0 = Debug|Any CPU
		{6E2D273D-6A2A-4F1F-9163-D08E64B506C6}.Release|Any CPU.ActiveCfg = Release|Any CPU
		{6E2D273D-6A2A-4F1F-9163-D08E64B506C6}.Release|Any CPU.Build.0 = Release|Any CPU
		{4317D018-F3E6-4576-BD6C-EA2AE2080246}.Debug|Any CPU.ActiveCfg = Debug|Any CPU
		{4317D018-F3E6-4576-BD6C-EA2AE2080246}.Debug|Any CPU.Build.0 = Debug|Any CPU
		{4317D018-F3E6-4576-BD6C-EA2AE2080246}.Release|Any CPU.ActiveCfg = Release|Any CPU
		{4317D018-F3E6-4576-BD6C-EA2AE2080246}.Release|Any CPU.Build.0 = Release|Any CPU
	EndGlobalSection
	GlobalSection(SolutionProperties) = preSolution
		HideSolutionNode = FALSE
	EndGlobalSection
	GlobalSection(ExtensibilityGlobals) = postSolution
		SolutionGuid = {EA43AF84-096E-4BF9-8954-38B49BB58E3B}
	EndGlobalSection
EndGlobal
